# This file is autogenerated, do not edit; changes may be undone by the next 'dep ensure'.


[[projects]]
  branch = "master"
  name = "golang.org/x/crypto"
  packages = ["pbkdf2","scrypt"]
  revision = "81e90905daefcd6fd217b62423c0908922eadb30"

[solve-meta]
  analyzer-name = "dep"
  analyzer-version = 1
  inputs-digest = "188c4e4079fe25be6a3cd2a7f1a14d163e108c233a3f650f4fefbc286dec1a23"
  solver-name = "gps-cdcl"
  solver-version = 1
